// !$*UTF8*$!
{
	archiveVersion = 1;
	classes = {
	};
	objectVersion = 46;
	objects = {

/* Begin PBXBuildFile section */
		243D808F1DF01F0600CFD9EF /* LoginViewController.swift in Sources */ = {isa = PBXBuildFile; fileRef = 243D808E1DF01F0600CFD9EF /* LoginViewController.swift */; };
		2466D0171DB086DF00FB0505 /* AppDelegate.swift in Sources */ = {isa = PBXBuildFile; fileRef = 2466D0161DB086DF00FB0505 /* AppDelegate.swift */; };
		2466D01C1DB086DF00FB0505 /* Main.storyboard in Resources */ = {isa = PBXBuildFile; fileRef = 2466D01A1DB086DF00FB0505 /* Main.storyboard */; };
		2466D01E1DB086DF00FB0505 /* Assets.xcassets in Resources */ = {isa = PBXBuildFile; fileRef = 2466D01D1DB086DF00FB0505 /* Assets.xcassets */; };
		2466D0211DB086DF00FB0505 /* LaunchScreen.storyboard in Resources */ = {isa = PBXBuildFile; fileRef = 2466D01F1DB086DF00FB0505 /* LaunchScreen.storyboard */; };
		FD64B6F61EE591090045AF65 /* LiteAutoLayout.swift in Sources */ = {isa = PBXBuildFile; fileRef = FD64B6F51EE591090045AF65 /* LiteAutoLayout.swift */; };
		FD64B6F81EE592470045AF65 /* Extensions.swift in Sources */ = {isa = PBXBuildFile; fileRef = FD64B6F71EE592470045AF65 /* Extensions.swift */; };
/* End PBXBuildFile section */

/* Begin PBXFileReference section */
		243D808E1DF01F0600CFD9EF /* LoginViewController.swift */ = {isa = PBXFileReference; fileEncoding = 4; lastKnownFileType = sourcecode.swift; path = LoginViewController.swift; sourceTree = "<group>"; };
		2466D0131DB086DF00FB0505 /* LiteAutoLayoutDemo.app */ = {isa = PBXFileReference; explicitFileType = wrapper.application; includeInIndex = 0; path = LiteAutoLayoutDemo.app; sourceTree = BUILT_PRODUCTS_DIR; };
		2466D0161DB086DF00FB0505 /* AppDelegate.swift */ = {isa = PBXFileReference; lastKnownFileType = sourcecode.swift; path = AppDelegate.swift; sourceTree = "<group>"; };
		2466D01B1DB086DF00FB0505 /* Base */ = {isa = PBXFileReference; lastKnownFileType = file.storyboard; name = Base; path = Base.lproj/Main.storyboard; sourceTree = "<group>"; };
		2466D01D1DB086DF00FB0505 /* Assets.xcassets */ = {isa = PBXFileReference; lastKnownFileType = folder.assetcatalog; path = Assets.xcassets; sourceTree = "<group>"; };
		2466D0201DB086DF00FB0505 /* Base */ = {isa = PBXFileReference; lastKnownFileType = file.storyboard; name = Base; path = Base.lproj/LaunchScreen.storyboard; sourceTree = "<group>"; };
		2466D0221DB086DF00FB0505 /* Info.plist */ = {isa = PBXFileReference; lastKnownFileType = text.plist.xml; path = Info.plist; sourceTree = "<group>"; };
		FD64B6F51EE591090045AF65 /* LiteAutoLayout.swift */ = {isa = PBXFileReference; fileEncoding = 4; lastKnownFileType = sourcecode.swift; name = LiteAutoLayout.swift; path = ../../LiteAutoLayout.swift; sourceTree = "<group>"; };
		FD64B6F71EE592470045AF65 /* Extensions.swift */ = {isa = PBXFileReference; fileEncoding = 4; lastKnownFileType = sourcecode.swift; path = Extensions.swift; sourceTree = "<group>"; };
/* End PBXFileReference section */

/* Begin PBXFrameworksBuildPhase section */
		2466D0101DB086DF00FB0505 /* Frameworks */ = {
			isa = PBXFrameworksBuildPhase;
			buildActionMask = 2147483647;
			files = (
			);
			runOnlyForDeploymentPostprocessing = 0;
		};
/* End PBXFrameworksBuildPhase section */

/* Begin PBXGroup section */
		2466D00A1DB086DF00FB0505 = {
			isa = PBXGroup;
			children = (
				2466D0151DB086DF00FB0505 /* LiteAutoLayoutDemo */,
				2466D0141DB086DF00FB0505 /* Products */,
			);
			sourceTree = "<group>";
		};
		2466D0141DB086DF00FB0505 /* Products */ = {
			isa = PBXGroup;
			children = (
				2466D0131DB086DF00FB0505 /* LiteAutoLayoutDemo.app */,
			);
			name = Products;
			sourceTree = "<group>";
		};
		2466D0151DB086DF00FB0505 /* LiteAutoLayoutDemo */ = {
			isa = PBXGroup;
			children = (
				2466D0161DB086DF00FB0505 /* AppDelegate.swift */,
				FD64B6F51EE591090045AF65 /* LiteAutoLayout.swift */,
				243D808E1DF01F0600CFD9EF /* LoginViewController.swift */,
				FD64B6F71EE592470045AF65 /* Extensions.swift */,
				2466D01A1DB086DF00FB0505 /* Main.storyboard */,
				2466D01D1DB086DF00FB0505 /* Assets.xcassets */,
				2466D01F1DB086DF00FB0505 /* LaunchScreen.storyboard */,
				2466D0221DB086DF00FB0505 /* Info.plist */,
			);
			path = LiteAutoLayoutDemo;
			sourceTree = "<group>";
		};
/* End PBXGroup section */

/* Begin PBXNativeTarget section */
		2466D0121DB086DF00FB0505 /* LiteAutoLayoutDemo */ = {
			isa = PBXNativeTarget;
			buildConfigurationList = 2466D0251DB086DF00FB0505 /* Build configuration list for PBXNativeTarget "LiteAutoLayoutDemo" */;
			buildPhases = (
				2466D00F1DB086DF00FB0505 /* Sources */,
				2466D0101DB086DF00FB0505 /* Frameworks */,
				2466D0111DB086DF00FB0505 /* Resources */,
			);
			buildRules = (
			);
			dependencies = (
			);
			name = LiteAutoLayoutDemo;
			productName = SwiftLayoutDemo;
			productReference = 2466D0131DB086DF00FB0505 /* LiteAutoLayoutDemo.app */;
			productType = "com.apple.product-type.application";
		};
/* End PBXNativeTarget section */

/* Begin PBXProject section */
		2466D00B1DB086DF00FB0505 /* Project object */ = {
			isa = PBXProject;
			attributes = {
				LastSwiftUpdateCheck = 0800;
				LastUpgradeCheck = 0800;
				ORGANIZATIONNAME = Mellong;
				TargetAttributes = {
					2466D0121DB086DF00FB0505 = {
						CreatedOnToolsVersion = 8.0;
						ProvisioningStyle = Automatic;
					};
				};
			};
			buildConfigurationList = 2466D00E1DB086DF00FB0505 /* Build configuration list for PBXProject "LiteAutoLayoutDemo" */;
			compatibilityVersion = "Xcode 3.2";
			developmentRegion = English;
			hasScannedForEncodings = 0;
			knownRegions = (
				en,
				Base,
			);
			mainGroup = 2466D00A1DB086DF00FB0505;
			productRefGroup = 2466D0141DB086DF00FB0505 /* Products */;
			projectDirPath = "";
			projectRoot = "";
			targets = (
				2466D0121DB086DF00FB0505 /* LiteAutoLayoutDemo */,
			);
		};
/* End PBXProject section */

/* Begin PBXResourcesBuildPhase section */
		2466D0111DB086DF00FB0505 /* Resources */ = {
			isa = PBXResourcesBuildPhase;
			buildActionMask = 2147483647;
			files = (
				2466D0211DB086DF00FB0505 /* LaunchScreen.storyboard in Resources */,
				2466D01E1DB086DF00FB0505 /* Assets.xcassets in Resources */,
				2466D01C1DB086DF00FB0505 /* Main.storyboard in Resources */,
			);
			runOnlyForDeploymentPostprocessing = 0;
		};
/* End PBXResourcesBuildPhase section */

/* Begin PBXSourcesBuildPhase section */
		2466D00F1DB086DF00FB0505 /* Sources */ = {
			isa = PBXSourcesBuildPhase;
			buildActionMask = 2147483647;
			files = (
				2466D0171DB086DF00FB0505 /* AppDelegate.swift in Sources */,
				243D808F1DF01F0600CFD9EF /* LoginViewController.swift in Sources */,
				FD64B6F61EE591090045AF65 /* LiteAutoLayout.swift in Sources */,
				FD64B6F81EE592470045AF65 /* Extensions.swift in Sources */,
			);
			runOnlyForDeploymentPostprocessing = 0;
		};
/* End PBXSourcesBuildPhase section */

/* Begin PBXVariantGroup section */
		2466D01A1DB086DF00FB0505 /* Main.storyboard */ = {
			isa = PBXVariantGroup;
			children = (
				2466D01B1DB086DF00FB0505 /* Base */,
			);
			name = Main.storyboard;
			sourceTree = "<group>";
		};
		2466D01F1DB086DF00FB0505 /* LaunchScreen.storyboard */ = {
			isa = PBXVariantGroup;
			children = (
				2466D0201DB086DF00FB0505 /* Base */,
			);
			name = LaunchScreen.storyboard;
			sourceTree = "<group>";
		};
/* End PBXVariantGroup section */

/* Begin XCBuildConfiguration section */
		2466D0231DB086DF00FB0505 /* Debug */ = {
			isa = XCBuildConfiguration;
			buildSettings = {
				ALWAYS_SEARCH_USER_PATHS = NO;
				CLANG_ANALYZER_NONNULL = YES;
				CLANG_CXX_LANGUAGE_STANDARD = "gnu++0x";
				CLANG_CXX_LIBRARY = "libc++";
				CLANG_ENABLE_MODULES = YES;
				CLANG_ENABLE_OBJC_ARC = YES;
				CLANG_WARN_BOOL_CONVERSION = YES;
				CLANG_WARN_CONSTANT_CONVERSION = YES;
				CLANG_WARN_DIRECT_OBJC_ISA_USAGE = YES_ERROR;
				CLANG_WARN_DOCUMENTATION_COMMENTS = YES;
				CLANG_WARN_EMPTY_BODY = YES;
				CLANG_WARN_ENUM_CONVERSION = YES;
				CLANG_WARN_INFINITE_RECURSION = YES;
				CLANG_WARN_INT_CONVERSION = YES;
				CLANG_WARN_OBJC_ROOT_CLASS = YES_ERROR;
				CLANG_WARN_SUSPICIOUS_MOVES = YES;
				CLANG_WARN_UNREACHABLE_CODE = YES;
				CLANG_WARN__DUPLICATE_METHOD_MATCH = YES;
				"CODE_SIGN_IDENTITY[sdk=iphoneos*]" = "iPhone Developer";
				COPY_PHASE_STRIP = NO;
				DEBUG_INFORMATION_FORMAT = dwarf;
				ENABLE_STRICT_OBJC_MSGSEND = YES;
				ENABLE_TESTABILITY = YES;
				GCC_C_LANGUAGE_STANDARD = gnu99;
				GCC_DYNAMIC_NO_PIC = NO;
				GCC_NO_COMMON_BLOCKS = YES;
				GCC_OPTIMIZATION_LEVEL = 0;
				GCC_PREPROCESSOR_DEFINITIONS = (
					"DEBUG=1",
					"$(inherited)",
				);
				GCC_WARN_64_TO_32_BIT_CONVERSION = YES;
				GCC_WARN_ABOUT_RETURN_TYPE = YES_ERROR;
				GCC_WARN_UNDECLARED_SELECTOR = YES;
				GCC_WARN_UNINITIALIZED_AUTOS = YES_AGGRESSIVE;
				GCC_WARN_UNUSED_FUNCTION = YES;
				GCC_WARN_UNUSED_VARIABLE = YES;
				IPHONEOS_DEPLOYMENT_TARGET = 10.0;
				MTL_ENABLE_DEBUG_INFO = YES;
				ONLY_ACTIVE_ARCH = YES;
				SDKROOT = iphoneos;
				SWIFT_ACTIVE_COMPILATION_CONDITIONS = DEBUG;
				SWIFT_OPTIMIZATION_LEVEL = "-Onone";
			};
			name = Debug;
		};
		2466D0241DB086DF00FB0505 /* Release */ = {
			isa = XCBuildConfiguration;
			buildSettings = {
				ALWAYS_SEARCH_USER_PATHS = NO;
				CLANG_ANALYZER_NONNULL = YES;
				CLANG_CXX_LANGUAGE_STANDARD = "gnu++0x";
				CLANG_CXX_LIBRARY = "libc++";
				CLANG_ENABLE_MODULES = YES;
				CLANG_ENABLE_OBJC_ARC = YES;
				CLANG_WARN_BOOL_CONVERSION = YES;
				CLANG_WARN_CONSTANT_CONVERSION = YES;
				CLANG_WARN_DIRECT_OBJC_ISA_USAGE = YES_ERROR;
				CLANG_WARN_DOCUMENTATION_COMMENTS = YES;
				CLANG_WARN_EMPTY_BODY = YES;
				CLANG_WARN_ENUM_CONVERSION = YES;
				CLANG_WARN_INFINITE_RECURSION = YES;
				CLANG_WARN_INT_CONVERSION = YES;
				CLANG_WARN_OBJC_ROOT_CLASS = YES_ERROR;
				CLANG_WARN_SUSPICIOUS_MOVES = YES;
				CLANG_WARN_UNREACHABLE_CODE = YES;
				CLANG_WARN__DUPLICATE_METHOD_MATCH = YES;
				"CODE_SIGN_IDENTITY[sdk=iphoneos*]" = "iPhone Developer";
				COPY_PHASE_STRIP = NO;
				DEBUG_INFORMATION_FORMAT = "dwarf-with-dsym";
				ENABLE_NS_ASSERTIONS = NO;
				ENABLE_STRICT_OBJC_MSGSEND = YES;
				GCC_C_LANGUAGE_STANDARD = gnu99;
				GCC_NO_COMMON_BLOCKS = YES;
				GCC_WARN_64_TO_32_BIT_CONVERSION = YES;
				GCC_WARN_ABOUT_RETURN_TYPE = YES_ERROR;
				GCC_WARN_UNDECLARED_SELECTOR = YES;
				GCC_WARN_UNINITIALIZED_AUTOS = YES_AGGRESSIVE;
				GCC_WARN_UNUSED_FUNCTION = YES;
				GCC_WARN_UNUSED_VARIABLE = YES;
				IPHONEOS_DEPLOYMENT_TARGET = 10.0;
				MTL_ENABLE_DEBUG_INFO = NO;
				SDKROOT = iphoneos;
				SWIFT_OPTIMIZATION_LEVEL = "-Owholemodule";
				VALIDATE_PRODUCT = YES;
			};
			name = Release;
		};
		2466D0261DB086DF00FB0505 /* Debug */ = {
			isa = XCBuildConfiguration;
			buildSettings = {
				ASSETCATALOG_COMPILER_APPICON_NAME = AppIcon;
				INFOPLIST_FILE = LiteAutoLayoutDemo/Info.plist;
				LD_RUNPATH_SEARCH_PATHS = "$(inherited) @executable_path/Frameworks";
				PRODUCT_BUNDLE_IDENTIFIER = com.mellong.liteautolayoutdemo;
				PRODUCT_NAME = "$(TARGET_NAME)";
				SWIFT_VERSION = 3.0;
			};
			name = Debug;
		};
		2466D0271DB086DF00FB0505 /* Release */ = {
			isa = XCBuildConfiguration;
			buildSettings = {
				ASSETCATALOG_COMPILER_APPICON_NAME = AppIcon;
				INFOPLIST_FILE = LiteAutoLayoutDemo/Info.plist;
				LD_RUNPATH_SEARCH_PATHS = "$(inherited) @executable_path/Frameworks";
				PRODUCT_BUNDLE_IDENTIFIER = com.mellong.liteautolayoutdemo;
				PRODUCT_NAME = "$(TARGET_NAME)";
				SWIFT_VERSION = 3.0;
			};
			name = Release;
		};
/* End XCBuildConfiguration section */

/* Begin XCConfigurationList section */
		2466D00E1DB086DF00FB0505 /* Build configuration list for PBXProject "LiteAutoLayoutDemo" */ = {
			isa = XCConfigurationList;
			buildConfigurations = (
				2466D0231DB086DF00FB0505 /* Debug */,
				2466D0241DB086DF00FB0505 /* Release */,
			);
			defaultConfigurationIsVisible = 0;
			defaultConfigurationName = Release;
		};
		2466D0251DB086DF00FB0505 /* Build configuration list for PBXNativeTarget "LiteAutoLayoutDemo" */ = {
			isa = XCConfigurationList;
			buildConfigurations = (
				2466D0261DB086DF00FB0505 /* Debug */,
				2466D0271DB086DF00FB0505 /* Release */,
			);
			defaultConfigurationIsVisible = 0;
			defaultConfigurationName = Release;
		};
/* End XCConfigurationList section */
	};
	rootObject = 2466D00B1DB086DF00FB0505 /* Project object */;
}
